
Microsoft Visual Studio Solution File, Format Version 12.00
# Visual Studio Version 17
VisualStudioVersion = 17.14.36327.8 d17.14
MinimumVisualStudioVersion = 10.0.40219.1
Project("{FAE04EC0-301F-11D3-BF4B-00C04F79EFBC}") = "Convertir_numero_romanos", "Convertir_numero_romanos\Convertir_numero_romanos.csproj", "{D6035EE3-0E9F-40A3-9172-A82B67FAF3FD}"
EndProject
Global
	GlobalSection(SolutionConfigurationPlatforms) = preSolution
		Debug|Any CPU = Debug|Any CPU
		Release|Any CPU = Release|Any CPU
	EndGlobalSection
	GlobalSection(ProjectConfigurationPlatforms) = postSolution
		{D6035EE3-0E9F-40A3-9172-A82B67FAF3FD}.Debug|Any CPU.ActiveCfg = Debug|Any CPU
		{D6035EE3-0E9F-40A3-9172-A82B67FAF3FD}.Debug|Any CPU.Build.0 = Debug|Any CPU
		{D6035EE3-0E9F-40A3-9172-A82B67FAF3FD}.Release|Any CPU.ActiveCfg = Release|Any CPU
		{D6035EE3-0E9F-40A3-9172-A82B67FAF3FD}.Release|Any CPU.Build.0 = Release|Any CPU
	EndGlobalSection
	GlobalSection(SolutionProperties) = preSolution
		HideSolutionNode = FALSE
	EndGlobalSection
	GlobalSection(ExtensibilityGlobals) = postSolution
		SolutionGuid = {FF450ACC-6E91-466E-A297-6B459528190C}
	EndGlobalSection
EndGlobal
